
Microsoft Visual Studio Solution File, Format Version 12.00
Project("{FAE04EC0-301F-11D3-BF4B-00C04F79EFBC}") = "Unit_9", "Unit_9\Unit_9.csproj", "{1B496E76-9F03-4C8C-A0E1-1C729F6E681E}"
EndProject
Global
	GlobalSection(SolutionConfigurationPlatforms) = preSolution
		Debug|Any CPU = Debug|Any CPU
		Release|Any CPU = Release|Any CPU
	EndGlobalSection
	GlobalSection(ProjectConfigurationPlatforms) = postSolution
		{1B496E76-9F03-4C8C-A0E1-1C729F6E681E}.Debug|Any CPU.ActiveCfg = Debug|Any CPU
		{1B496E76-9F03-4C8C-A0E1-1C729F6E681E}.Debug|Any CPU.Build.0 = Debug|Any CPU
		{1B496E76-9F03-4C8C-A0E1-1C729F6E681E}.Release|Any CPU.ActiveCfg = Release|Any CPU
		{1B496E76-9F03-4C8C-A0E1-1C729F6E681E}.Release|Any CPU.Build.0 = Release|Any CPU
	EndGlobalSection
EndGlobal
